// !$*UTF8*$!
{
	archiveVersion = 1;
	classes = {
	};
	objectVersion = 48;
	objects = {

/* Begin PBXBuildFile section */
		60B0B93F205BC45600E0BA36 /* ViewController.swift in Sources */ = {isa = PBXBuildFile; fileRef = 60B0B93E205BC45600E0BA36 /* ViewController.swift */; };
		60E2A903205106AD00FFF0F8 /* AppDelegate.swift in Sources */ = {isa = PBXBuildFile; fileRef = 60E2A902205106AD00FFF0F8 /* AppDelegate.swift */; };
		60E2A908205106AD00FFF0F8 /* Main.storyboard in Resources */ = {isa = PBXBuildFile; fileRef = 60E2A906205106AD00FFF0F8 /* Main.storyboard */; };
		60E2A90A205106AD00FFF0F8 /* Assets.xcassets in Resources */ = {isa = PBXBuildFile; fileRef = 60E2A909205106AD00FFF0F8 /* Assets.xcassets */; };
		60E2A90D205106AD00FFF0F8 /* LaunchScreen.storyboard in Resources */ = {isa = PBXBuildFile; fileRef = 60E2A90B205106AD00FFF0F8 /* LaunchScreen.storyboard */; };
		60E2A918205106AE00FFF0F8 /* videoplayerTests.swift in Sources */ = {isa = PBXBuildFile; fileRef = 60E2A917205106AE00FFF0F8 /* videoplayerTests.swift */; };
		60E2A923205106AE00FFF0F8 /* videoplayerUITests.swift in Sources */ = {isa = PBXBuildFile; fileRef = 60E2A922205106AE00FFF0F8 /* videoplayerUITests.swift */; };
		60E2A93520510A3B00FFF0F8 /* AppUtilities.swift in Sources */ = {isa = PBXBuildFile; fileRef = 60E2A93120510A3A00FFF0F8 /* AppUtilities.swift */; };
		60E2A93720510A3B00FFF0F8 /* AppImageView.swift in Sources */ = {isa = PBXBuildFile; fileRef = 60E2A93320510A3B00FFF0F8 /* AppImageView.swift */; };
		60E2A94720510A4F00FFF0F8 /* ShotTableViewCell.xib in Resources */ = {isa = PBXBuildFile; fileRef = 60E2A93B20510A4E00FFF0F8 /* ShotTableViewCell.xib */; };
		60E2A94C20510A4F00FFF0F8 /* ShotTableViewCell.swift in Sources */ = {isa = PBXBuildFile; fileRef = 60E2A94020510A4E00FFF0F8 /* ShotTableViewCell.swift */; };
		60E2A94D20510A4F00FFF0F8 /* ASVideoLayerObject.swift in Sources */ = {isa = PBXBuildFile; fileRef = 60E2A94120510A4F00FFF0F8 /* ASVideoLayerObject.swift */; };
		60E2A94E20510A4F00FFF0F8 /* ASVideoContainer.swift in Sources */ = {isa = PBXBuildFile; fileRef = 60E2A94220510A4F00FFF0F8 /* ASVideoContainer.swift */; };
		60E2A94F20510A4F00FFF0F8 /* ASVideoPlayerController.swift in Sources */ = {isa = PBXBuildFile; fileRef = 60E2A94320510A4F00FFF0F8 /* ASVideoPlayerController.swift */; };
/* End PBXBuildFile section */

/* Begin PBXContainerItemProxy section */
		60E2A914205106AE00FFF0F8 /* PBXContainerItemProxy */ = {
			isa = PBXContainerItemProxy;
			containerPortal = 60E2A8F7205106AC00FFF0F8 /* Project object */;
			proxyType = 1;
			remoteGlobalIDString = 60E2A8FE205106AD00FFF0F8;
			remoteInfo = videoplayer;
		};
		60E2A91F205106AE00FFF0F8 /* PBXContainerItemProxy */ = {
			isa = PBXContainerItemProxy;
			containerPortal = 60E2A8F7205106AC00FFF0F8 /* Project object */;
			proxyType = 1;
			remoteGlobalIDString = 60E2A8FE205106AD00FFF0F8;
			remoteInfo = videoplayer;
		};
/* End PBXContainerItemProxy section */

/* Begin PBXFileReference section */
		60B0B93E205BC45600E0BA36 /* ViewController.swift */ = {isa = PBXFileReference; fileEncoding = 4; lastKnownFileType = sourcecode.swift; path = ViewController.swift; sourceTree = "<group>"; };
		60E2A8FF205106AD00FFF0F8 /* videoplayer.app */ = {isa = PBXFileReference; explicitFileType = wrapper.application; includeInIndex = 0; path = videoplayer.app; sourceTree = BUILT_PRODUCTS_DIR; };
		60E2A902205106AD00FFF0F8 /* AppDelegate.swift */ = {isa = PBXFileReference; lastKnownFileType = sourcecode.swift; path = AppDelegate.swift; sourceTree = "<group>"; };
		60E2A907205106AD00FFF0F8 /* Base */ = {isa = PBXFileReference; lastKnownFileType = file.storyboard; name = Base; path = Base.lproj/Main.storyboard; sourceTree = "<group>"; };
		60E2A909205106AD00FFF0F8 /* Assets.xcassets */ = {isa = PBXFileReference; lastKnownFileType = folder.assetcatalog; path = Assets.xcassets; sourceTree = "<group>"; };
		60E2A90C205106AD00FFF0F8 /* Base */ = {isa = PBXFileReference; lastKnownFileType = file.storyboard; name = Base; path = Base.lproj/LaunchScreen.storyboard; sourceTree = "<group>"; };
		60E2A90E205106AD00FFF0F8 /* Info.plist */ = {isa = PBXFileReference; lastKnownFileType = text.plist.xml; path = Info.plist; sourceTree = "<group>"; };
		60E2A913205106AE00FFF0F8 /* videoplayerTests.xctest */ = {isa = PBXFileReference; explicitFileType = wrapper.cfbundle; includeInIndex = 0; path = videoplayerTests.xctest; sourceTree = BUILT_PRODUCTS_DIR; };
		60E2A917205106AE00FFF0F8 /* videoplayerTests.swift */ = {isa = PBXFileReference; lastKnownFileType = sourcecode.swift; path = videoplayerTests.swift; sourceTree = "<group>"; };
		60E2A919205106AE00FFF0F8 /* Info.plist */ = {isa = PBXFileReference; lastKnownFileType = text.plist.xml; path = Info.plist; sourceTree = "<group>"; };
		60E2A91E205106AE00FFF0F8 /* videoplayerUITests.xctest */ = {isa = PBXFileReference; explicitFileType = wrapper.cfbundle; includeInIndex = 0; path = videoplayerUITests.xctest; sourceTree = BUILT_PRODUCTS_DIR; };
		60E2A922205106AE00FFF0F8 /* videoplayerUITests.swift */ = {isa = PBXFileReference; lastKnownFileType = sourcecode.swift; path = videoplayerUITests.swift; sourceTree = "<group>"; };
		60E2A924205106AE00FFF0F8 /* Info.plist */ = {isa = PBXFileReference; lastKnownFileType = text.plist.xml; path = Info.plist; sourceTree = "<group>"; };
		60E2A93120510A3A00FFF0F8 /* AppUtilities.swift */ = {isa = PBXFileReference; fileEncoding = 4; lastKnownFileType = sourcecode.swift; path = AppUtilities.swift; sourceTree = "<group>"; };
		60E2A93320510A3B00FFF0F8 /* AppImageView.swift */ = {isa = PBXFileReference; fileEncoding = 4; lastKnownFileType = sourcecode.swift; path = AppImageView.swift; sourceTree = "<group>"; };
		60E2A93B20510A4E00FFF0F8 /* ShotTableViewCell.xib */ = {isa = PBXFileReference; fileEncoding = 4; lastKnownFileType = file.xib; path = ShotTableViewCell.xib; sourceTree = "<group>"; };
		60E2A94020510A4E00FFF0F8 /* ShotTableViewCell.swift */ = {isa = PBXFileReference; fileEncoding = 4; lastKnownFileType = sourcecode.swift; path = ShotTableViewCell.swift; sourceTree = "<group>"; };
		60E2A94120510A4F00FFF0F8 /* ASVideoLayerObject.swift */ = {isa = PBXFileReference; fileEncoding = 4; lastKnownFileType = sourcecode.swift; path = ASVideoLayerObject.swift; sourceTree = "<group>"; };
		60E2A94220510A4F00FFF0F8 /* ASVideoContainer.swift */ = {isa = PBXFileReference; fileEncoding = 4; lastKnownFileType = sourcecode.swift; path = ASVideoContainer.swift; sourceTree = "<group>"; };
		60E2A94320510A4F00FFF0F8 /* ASVideoPlayerController.swift */ = {isa = PBXFileReference; fileEncoding = 4; lastKnownFileType = sourcecode.swift; path = ASVideoPlayerController.swift; sourceTree = "<group>"; };
/* End PBXFileReference section */

/* Begin PBXFrameworksBuildPhase section */
		60E2A8FC205106AD00FFF0F8 /* Frameworks */ = {
			isa = PBXFrameworksBuildPhase;
			buildActionMask = 2147483647;
			files = (
			);
			runOnlyForDeploymentPostprocessing = 0;
		};
		60E2A910205106AE00FFF0F8 /* Frameworks */ = {
			isa = PBXFrameworksBuildPhase;
			buildActionMask = 2147483647;
			files = (
			);
			runOnlyForDeploymentPostprocessing = 0;
		};
		60E2A91B205106AE00FFF0F8 /* Frameworks */ = {
			isa = PBXFrameworksBuildPhase;
			buildActionMask = 2147483647;
			files = (
			);
			runOnlyForDeploymentPostprocessing = 0;
		};
/* End PBXFrameworksBuildPhase section */

/* Begin PBXGroup section */
		60E2A8F6205106AC00FFF0F8 = {
			isa = PBXGroup;
			children = (
				60E2A901205106AD00FFF0F8 /* videoplayer */,
				60E2A916205106AE00FFF0F8 /* videoplayerTests */,
				60E2A921205106AE00FFF0F8 /* videoplayerUITests */,
				60E2A900205106AD00FFF0F8 /* Products */,
			);
			sourceTree = "<group>";
		};
		60E2A900205106AD00FFF0F8 /* Products */ = {
			isa = PBXGroup;
			children = (
				60E2A8FF205106AD00FFF0F8 /* videoplayer.app */,
				60E2A913205106AE00FFF0F8 /* videoplayerTests.xctest */,
				60E2A91E205106AE00FFF0F8 /* videoplayerUITests.xctest */,
			);
			name = Products;
			sourceTree = "<group>";
		};
		60E2A901205106AD00FFF0F8 /* videoplayer */ = {
			isa = PBXGroup;
			children = (
				60E2A9502051A04D00FFF0F8 /* VideoPlayLibrary */,
				60E2A902205106AD00FFF0F8 /* AppDelegate.swift */,
				60E2A93320510A3B00FFF0F8 /* AppImageView.swift */,
				60B0B93E205BC45600E0BA36 /* ViewController.swift */,
				60E2A94020510A4E00FFF0F8 /* ShotTableViewCell.swift */,
				60E2A93B20510A4E00FFF0F8 /* ShotTableViewCell.xib */,
				60E2A93120510A3A00FFF0F8 /* AppUtilities.swift */,
				60E2A906205106AD00FFF0F8 /* Main.storyboard */,
				60E2A909205106AD00FFF0F8 /* Assets.xcassets */,
				60E2A90B205106AD00FFF0F8 /* LaunchScreen.storyboard */,
				60E2A90E205106AD00FFF0F8 /* Info.plist */,
			);
			path = videoplayer;
			sourceTree = "<group>";
		};
		60E2A916205106AE00FFF0F8 /* videoplayerTests */ = {
			isa = PBXGroup;
			children = (
				60E2A917205106AE00FFF0F8 /* videoplayerTests.swift */,
				60E2A919205106AE00FFF0F8 /* Info.plist */,
			);
			path = videoplayerTests;
			sourceTree = "<group>";
		};
		60E2A921205106AE00FFF0F8 /* videoplayerUITests */ = {
			isa = PBXGroup;
			children = (
				60E2A922205106AE00FFF0F8 /* videoplayerUITests.swift */,
				60E2A924205106AE00FFF0F8 /* Info.plist */,
			);
			path = videoplayerUITests;
			sourceTree = "<group>";
		};
		60E2A9502051A04D00FFF0F8 /* VideoPlayLibrary */ = {
			isa = PBXGroup;
			children = (
				60E2A94220510A4F00FFF0F8 /* ASVideoContainer.swift */,
				60E2A94320510A4F00FFF0F8 /* ASVideoPlayerController.swift */,
				60E2A94120510A4F00FFF0F8 /* ASVideoLayerObject.swift */,
			);
			path = VideoPlayLibrary;
			sourceTree = "<group>";
		};
/* End PBXGroup section */

/* Begin PBXNativeTarget section */
		60E2A8FE205106AD00FFF0F8 /* videoplayer */ = {
			isa = PBXNativeTarget;
			buildConfigurationList = 60E2A927205106AE00FFF0F8 /* Build configuration list for PBXNativeTarget "videoplayer" */;
			buildPhases = (
				60E2A8FB205106AD00FFF0F8 /* Sources */,
				60E2A8FC205106AD00FFF0F8 /* Frameworks */,
				60E2A8FD205106AD00FFF0F8 /* Resources */,
			);
			buildRules = (
			);
			dependencies = (
			);
			name = videoplayer;
			productName = videoplayer;
			productReference = 60E2A8FF205106AD00FFF0F8 /* videoplayer.app */;
			productType = "com.apple.product-type.application";
		};
		60E2A912205106AE00FFF0F8 /* videoplayerTests */ = {
			isa = PBXNativeTarget;
			buildConfigurationList = 60E2A92A205106AE00FFF0F8 /* Build configuration list for PBXNativeTarget "videoplayerTests" */;
			buildPhases = (
				60E2A90F205106AE00FFF0F8 /* Sources */,
				60E2A910205106AE00FFF0F8 /* Frameworks */,
				60E2A911205106AE00FFF0F8 /* Resources */,
			);
			buildRules = (
			);
			dependencies = (
				60E2A915205106AE00FFF0F8 /* PBXTargetDependency */,
			);
			name = videoplayerTests;
			productName = videoplayerTests;
			productReference = 60E2A913205106AE00FFF0F8 /* videoplayerTests.xctest */;
			productType = "com.apple.product-type.bundle.unit-test";
		};
		60E2A91D205106AE00FFF0F8 /* videoplayerUITests */ = {
			isa = PBXNativeTarget;
			buildConfigurationList = 60E2A92D205106AE00FFF0F8 /* Build configuration list for PBXNativeTarget "videoplayerUITests" */;
			buildPhases = (
				60E2A91A205106AE00FFF0F8 /* Sources */,
				60E2A91B205106AE00FFF0F8 /* Frameworks */,
				60E2A91C205106AE00FFF0F8 /* Resources */,
			);
			buildRules = (
			);
			dependencies = (
				60E2A920205106AE00FFF0F8 /* PBXTargetDependency */,
			);
			name = videoplayerUITests;
			productName = videoplayerUITests;
			productReference = 60E2A91E205106AE00FFF0F8 /* videoplayerUITests.xctest */;
			productType = "com.apple.product-type.bundle.ui-testing";
		};
/* End PBXNativeTarget section */

/* Begin PBXProject section */
		60E2A8F7205106AC00FFF0F8 /* Project object */ = {
			isa = PBXProject;
			attributes = {
				LastSwiftUpdateCheck = 0920;
				LastUpgradeCheck = 0920;
				ORGANIZATIONNAME = ashish;
				TargetAttributes = {
					60E2A8FE205106AD00FFF0F8 = {
						CreatedOnToolsVersion = 9.2;
						ProvisioningStyle = Automatic;
					};
					60E2A912205106AE00FFF0F8 = {
						CreatedOnToolsVersion = 9.2;
						ProvisioningStyle = Automatic;
						TestTargetID = 60E2A8FE205106AD00FFF0F8;
					};
					60E2A91D205106AE00FFF0F8 = {
						CreatedOnToolsVersion = 9.2;
						ProvisioningStyle = Automatic;
						TestTargetID = 60E2A8FE205106AD00FFF0F8;
					};
				};
			};
			buildConfigurationList = 60E2A8FA205106AC00FFF0F8 /* Build configuration list for PBXProject "videoplayer" */;
			compatibilityVersion = "Xcode 8.0";
			developmentRegion = en;
			hasScannedForEncodings = 0;
			knownRegions = (
				en,
				Base,
			);
			mainGroup = 60E2A8F6205106AC00FFF0F8;
			productRefGroup = 60E2A900205106AD00FFF0F8 /* Products */;
			projectDirPath = "";
			projectRoot = "";
			targets = (
				60E2A8FE205106AD00FFF0F8 /* videoplayer */,
				60E2A912205106AE00FFF0F8 /* videoplayerTests */,
				60E2A91D205106AE00FFF0F8 /* videoplayerUITests */,
			);
		};
/* End PBXProject section */

/* Begin PBXResourcesBuildPhase section */
		60E2A8FD205106AD00FFF0F8 /* Resources */ = {
			isa = PBXResourcesBuildPhase;
			buildActionMask = 2147483647;
			files = (
				60E2A90D205106AD00FFF0F8 /* LaunchScreen.storyboard in Resources */,
				60E2A90A205106AD00FFF0F8 /* Assets.xcassets in Resources */,
				60E2A94720510A4F00FFF0F8 /* ShotTableViewCell.xib in Resources */,
				60E2A908205106AD00FFF0F8 /* Main.storyboard in Resources */,
			);
			runOnlyForDeploymentPostprocessing = 0;
		};
		60E2A911205106AE00FFF0F8 /* Resources */ = {
			isa = PBXResourcesBuildPhase;
			buildActionMask = 2147483647;
			files = (
			);
			runOnlyForDeploymentPostprocessing = 0;
		};
		60E2A91C205106AE00FFF0F8 /* Resources */ = {
			isa = PBXResourcesBuildPhase;
			buildActionMask = 2147483647;
			files = (
			);
			runOnlyForDeploymentPostprocessing = 0;
		};
/* End PBXResourcesBuildPhase section */

/* Begin PBXSourcesBuildPhase section */
		60E2A8FB205106AD00FFF0F8 /* Sources */ = {
			isa = PBXSourcesBuildPhase;
			buildActionMask = 2147483647;
			files = (
				60E2A93720510A3B00FFF0F8 /* AppImageView.swift in Sources */,
				60E2A903205106AD00FFF0F8 /* AppDelegate.swift in Sources */,
				60E2A93520510A3B00FFF0F8 /* AppUtilities.swift in Sources */,
				60E2A94D20510A4F00FFF0F8 /* ASVideoLayerObject.swift in Sources */,
				60E2A94E20510A4F00FFF0F8 /* ASVideoContainer.swift in Sources */,
				60E2A94F20510A4F00FFF0F8 /* ASVideoPlayerController.swift in Sources */,
				60B0B93F205BC45600E0BA36 /* ViewController.swift in Sources */,
				60E2A94C20510A4F00FFF0F8 /* ShotTableViewCell.swift in Sources */,
			);
			runOnlyForDeploymentPostprocessing = 0;
		};
		60E2A90F205106AE00FFF0F8 /* Sources */ = {
			isa = PBXSourcesBuildPhase;
			buildActionMask = 2147483647;
			files = (
				60E2A918205106AE00FFF0F8 /* videoplayerTests.swift in Sources */,
			);
			runOnlyForDeploymentPostprocessing = 0;
		};
		60E2A91A205106AE00FFF0F8 /* Sources */ = {
			isa = PBXSourcesBuildPhase;
			buildActionMask = 2147483647;
			files = (
				60E2A923205106AE00FFF0F8 /* videoplayerUITests.swift in Sources */,
			);
			runOnlyForDeploymentPostprocessing = 0;
		};
/* End PBXSourcesBuildPhase section */

/* Begin PBXTargetDependency section */
		60E2A915205106AE00FFF0F8 /* PBXTargetDependency */ = {
			isa = PBXTargetDependency;
			target = 60E2A8FE205106AD00FFF0F8 /* videoplayer */;
			targetProxy = 60E2A914205106AE00FFF0F8 /* PBXContainerItemProxy */;
		};
		60E2A920205106AE00FFF0F8 /* PBXTargetDependency */ = {
			isa = PBXTargetDependency;
			target = 60E2A8FE205106AD00FFF0F8 /* videoplayer */;
			targetProxy = 60E2A91F205106AE00FFF0F8 /* PBXContainerItemProxy */;
		};
/* End PBXTargetDependency section */

/* Begin PBXVariantGroup section */
		60E2A906205106AD00FFF0F8 /* Main.storyboard */ = {
			isa = PBXVariantGroup;
			children = (
				60E2A907205106AD00FFF0F8 /* Base */,
			);
			name = Main.storyboard;
			sourceTree = "<group>";
		};
		60E2A90B205106AD00FFF0F8 /* LaunchScreen.storyboard */ = {
			isa = PBXVariantGroup;
			children = (
				60E2A90C205106AD00FFF0F8 /* Base */,
			);
			name = LaunchScreen.storyboard;
			sourceTree = "<group>";
		};
/* End PBXVariantGroup section */

/* Begin XCBuildConfiguration section */
		60E2A925205106AE00FFF0F8 /* Debug */ = {
			isa = XCBuildConfiguration;
			buildSettings = {
				ALWAYS_SEARCH_USER_PATHS = NO;
				CLANG_ANALYZER_NONNULL = YES;
				CLANG_ANALYZER_NUMBER_OBJECT_CONVERSION = YES_AGGRESSIVE;
				CLANG_CXX_LANGUAGE_STANDARD = "gnu++14";
				CLANG_CXX_LIBRARY = "libc++";
				CLANG_ENABLE_MODULES = YES;
				CLANG_ENABLE_OBJC_ARC = YES;
				CLANG_WARN_BLOCK_CAPTURE_AUTORELEASING = YES;
				CLANG_WARN_BOOL_CONVERSION = YES;
				CLANG_WARN_COMMA = YES;
				CLANG_WARN_CONSTANT_CONVERSION = YES;
				CLANG_WARN_DIRECT_OBJC_ISA_USAGE = YES_ERROR;
				CLANG_WARN_DOCUMENTATION_COMMENTS = YES;
				CLANG_WARN_EMPTY_BODY = YES;
				CLANG_WARN_ENUM_CONVERSION = YES;
				CLANG_WARN_INFINITE_RECURSION = YES;
				CLANG_WARN_INT_CONVERSION = YES;
				CLANG_WARN_NON_LITERAL_NULL_CONVERSION = YES;
				CLANG_WARN_OBJC_LITERAL_CONVERSION = YES;
				CLANG_WARN_OBJC_ROOT_CLASS = YES_ERROR;
				CLANG_WARN_RANGE_LOOP_ANALYSIS = YES;
				CLANG_WARN_STRICT_PROTOTYPES = YES;
				CLANG_WARN_SUSPICIOUS_MOVE = YES;
				CLANG_WARN_UNGUARDED_AVAILABILITY = YES_AGGRESSIVE;
				CLANG_WARN_UNREACHABLE_CODE = YES;
				CLANG_WARN__DUPLICATE_METHOD_MATCH = YES;
				CODE_SIGN_IDENTITY = "iPhone Developer";
				COPY_PHASE_STRIP = NO;
				DEBUG_INFORMATION_FORMAT = dwarf;
				ENABLE_STRICT_OBJC_MSGSEND = YES;
				ENABLE_TESTABILITY = YES;
				GCC_C_LANGUAGE_STANDARD = gnu11;
				GCC_DYNAMIC_NO_PIC = NO;
				GCC_NO_COMMON_BLOCKS = YES;
				GCC_OPTIMIZATION_LEVEL = 0;
				GCC_PREPROCESSOR_DEFINITIONS = (
					"DEBUG=1",
					"$(inherited)",
				);
				GCC_WARN_64_TO_32_BIT_CONVERSION = YES;
				GCC_WARN_ABOUT_RETURN_TYPE = YES_ERROR;
				GCC_WARN_UNDECLARED_SELECTOR = YES;
				GCC_WARN_UNINITIALIZED_AUTOS = YES_AGGRESSIVE;
				GCC_WARN_UNUSED_FUNCTION = YES;
				GCC_WARN_UNUSED_VARIABLE = YES;
				IPHONEOS_DEPLOYMENT_TARGET = 11.2;
				MTL_ENABLE_DEBUG_INFO = YES;
				ONLY_ACTIVE_ARCH = YES;
				SDKROOT = iphoneos;
				SWIFT_ACTIVE_COMPILATION_CONDITIONS = DEBUG;
				SWIFT_OPTIMIZATION_LEVEL = "-Onone";
			};
			name = Debug;
		};
		60E2A926205106AE00FFF0F8 /* Release */ = {
			isa = XCBuildConfiguration;
			buildSettings = {
				ALWAYS_SEARCH_USER_PATHS = NO;
				CLANG_ANALYZER_NONNULL = YES;
				CLANG_ANALYZER_NUMBER_OBJECT_CONVERSION = YES_AGGRESSIVE;
				CLANG_CXX_LANGUAGE_STANDARD = "gnu++14";
				CLANG_CXX_LIBRARY = "libc++";
				CLANG_ENABLE_MODULES = YES;
				CLANG_ENABLE_OBJC_ARC = YES;
				CLANG_WARN_BLOCK_CAPTURE_AUTORELEASING = YES;
				CLANG_WARN_BOOL_CONVERSION = YES;
				CLANG_WARN_COMMA = YES;
				CLANG_WARN_CONSTANT_CONVERSION = YES;
				CLANG_WARN_DIRECT_OBJC_ISA_USAGE = YES_ERROR;
				CLANG_WARN_DOCUMENTATION_COMMENTS = YES;
				CLANG_WARN_EMPTY_BODY = YES;
				CLANG_WARN_ENUM_CONVERSION = YES;
				CLANG_WARN_INFINITE_RECURSION = YES;
				CLANG_WARN_INT_CONVERSION = YES;
				CLANG_WARN_NON_LITERAL_NULL_CONVERSION = YES;
				CLANG_WARN_OBJC_LITERAL_CONVERSION = YES;
				CLANG_WARN_OBJC_ROOT_CLASS = YES_ERROR;
				CLANG_WARN_RANGE_LOOP_ANALYSIS = YES;
				CLANG_WARN_STRICT_PROTOTYPES = YES;
				CLANG_WARN_SUSPICIOUS_MOVE = YES;
				CLANG_WARN_UNGUARDED_AVAILABILITY = YES_AGGRESSIVE;
				CLANG_WARN_UNREACHABLE_CODE = YES;
				CLANG_WARN__DUPLICATE_METHOD_MATCH = YES;
				CODE_SIGN_IDENTITY = "iPhone Developer";
				COPY_PHASE_STRIP = NO;
				DEBUG_INFORMATION_FORMAT = "dwarf-with-dsym";
				ENABLE_NS_ASSERTIONS = NO;
				ENABLE_STRICT_OBJC_MSGSEND = YES;
				GCC_C_LANGUAGE_STANDARD = gnu11;
				GCC_NO_COMMON_BLOCKS = YES;
				GCC_WARN_64_TO_32_BIT_CONVERSION = YES;
				GCC_WARN_ABOUT_RETURN_TYPE = YES_ERROR;
				GCC_WARN_UNDECLARED_SELECTOR = YES;
				GCC_WARN_UNINITIALIZED_AUTOS = YES_AGGRESSIVE;
				GCC_WARN_UNUSED_FUNCTION = YES;
				GCC_WARN_UNUSED_VARIABLE = YES;
				IPHONEOS_DEPLOYMENT_TARGET = 11.2;
				MTL_ENABLE_DEBUG_INFO = NO;
				SDKROOT = iphoneos;
				SWIFT_OPTIMIZATION_LEVEL = "-Owholemodule";
				VALIDATE_PRODUCT = YES;
			};
			name = Release;
		};
		60E2A928205106AE00FFF0F8 /* Debug */ = {
			isa = XCBuildConfiguration;
			buildSettings = {
				ASSETCATALOG_COMPILER_APPICON_NAME = AppIcon;
				CODE_SIGN_STYLE = Automatic;
				DEVELOPMENT_TEAM = R7CDRD8S2K;
				INFOPLIST_FILE = videoplayer/Info.plist;
				IPHONEOS_DEPLOYMENT_TARGET = 11.0;
				LD_RUNPATH_SEARCH_PATHS = "$(inherited) @executable_path/Frameworks";
				PRODUCT_BUNDLE_IDENTIFIER = com.ashishsingh.asvideoplayer;
				PRODUCT_NAME = "$(TARGET_NAME)";
				SWIFT_VERSION = 4.0;
				TARGETED_DEVICE_FAMILY = 1;
			};
			name = Debug;
		};
		60E2A929205106AE00FFF0F8 /* Release */ = {
			isa = XCBuildConfiguration;
			buildSettings = {
				ASSETCATALOG_COMPILER_APPICON_NAME = AppIcon;
				CODE_SIGN_STYLE = Automatic;
				DEVELOPMENT_TEAM = R7CDRD8S2K;
				INFOPLIST_FILE = videoplayer/Info.plist;
				IPHONEOS_DEPLOYMENT_TARGET = 11.0;
				LD_RUNPATH_SEARCH_PATHS = "$(inherited) @executable_path/Frameworks";
				PRODUCT_BUNDLE_IDENTIFIER = com.ashishsingh.asvideoplayer;
				PRODUCT_NAME = "$(TARGET_NAME)";
				SWIFT_VERSION = 4.0;
				TARGETED_DEVICE_FAMILY = 1;
			};
			name = Release;
		};
		60E2A92B205106AE00FFF0F8 /* Debug */ = {
			isa = XCBuildConfiguration;
			buildSettings = {
				ALWAYS_EMBED_SWIFT_STANDARD_LIBRARIES = YES;
				BUNDLE_LOADER = "$(TEST_HOST)";
				CODE_SIGN_STYLE = Automatic;
				DEVELOPMENT_TEAM = R7CDRD8S2K;
				INFOPLIST_FILE = videoplayerTests/Info.plist;
				LD_RUNPATH_SEARCH_PATHS = "$(inherited) @executable_path/Frameworks @loader_path/Frameworks";
				PRODUCT_BUNDLE_IDENTIFIER = com.ashishsingh.videoplayerTests;
				PRODUCT_NAME = "$(TARGET_NAME)";
				SWIFT_VERSION = 4.0;
				TARGETED_DEVICE_FAMILY = "1,2";
				TEST_HOST = "$(BUILT_PRODUCTS_DIR)/videoplayer.app/videoplayer";
			};
			name = Debug;
		};
		60E2A92C205106AE00FFF0F8 /* Release */ = {
			isa = XCBuildConfiguration;
			buildSettings = {
				ALWAYS_EMBED_SWIFT_STANDARD_LIBRARIES = YES;
				BUNDLE_LOADER = "$(TEST_HOST)";
				CODE_SIGN_STYLE = Automatic;
				DEVELOPMENT_TEAM = R7CDRD8S2K;
				INFOPLIST_FILE = videoplayerTests/Info.plist;
				LD_RUNPATH_SEARCH_PATHS = "$(inherited) @executable_path/Frameworks @loader_path/Frameworks";
				PRODUCT_BUNDLE_IDENTIFIER = com.ashishsingh.videoplayerTests;
				PRODUCT_NAME = "$(TARGET_NAME)";
				SWIFT_VERSION = 4.0;
				TARGETED_DEVICE_FAMILY = "1,2";
				TEST_HOST = "$(BUILT_PRODUCTS_DIR)/videoplayer.app/videoplayer";
			};
			name = Release;
		};
		60E2A92E205106AE00FFF0F8 /* Debug */ = {
			isa = XCBuildConfiguration;
			buildSettings = {
				ALWAYS_EMBED_SWIFT_STANDARD_LIBRARIES = YES;
				CODE_SIGN_STYLE = Automatic;
				DEVELOPMENT_TEAM = R7CDRD8S2K;
				INFOPLIST_FILE = videoplayerUITests/Info.plist;
				LD_RUNPATH_SEARCH_PATHS = "$(inherited) @executable_path/Frameworks @loader_path/Frameworks";
				PRODUCT_BUNDLE_IDENTIFIER = com.ashishsingh.videoplayerUITests;
				PRODUCT_NAME = "$(TARGET_NAME)";
				SWIFT_VERSION = 4.0;
				TARGETED_DEVICE_FAMILY = "1,2";
				TEST_TARGET_NAME = videoplayer;
			};
			name = Debug;
		};
		60E2A92F205106AE00FFF0F8 /* Release */ = {
			isa = XCBuildConfiguration;
			buildSettings = {
				ALWAYS_EMBED_SWIFT_STANDARD_LIBRARIES = YES;
				CODE_SIGN_STYLE = Automatic;
				DEVELOPMENT_TEAM = R7CDRD8S2K;
				INFOPLIST_FILE = videoplayerUITests/Info.plist;
				LD_RUNPATH_SEARCH_PATHS = "$(inherited) @executable_path/Frameworks @loader_path/Frameworks";
				PRODUCT_BUNDLE_IDENTIFIER = com.ashishsingh.videoplayerUITests;
				PRODUCT_NAME = "$(TARGET_NAME)";
				SWIFT_VERSION = 4.0;
				TARGETED_DEVICE_FAMILY = "1,2";
				TEST_TARGET_NAME = videoplayer;
			};
			name = Release;
		};
/* End XCBuildConfiguration section */

/* Begin XCConfigurationList section */
		60E2A8FA205106AC00FFF0F8 /* Build configuration list for PBXProject "videoplayer" */ = {
			isa = XCConfigurationList;
			buildConfigurations = (
				60E2A925205106AE00FFF0F8 /* Debug */,
				60E2A926205106AE00FFF0F8 /* Release */,
			);
			defaultConfigurationIsVisible = 0;
			defaultConfigurationName = Release;
		};
		60E2A927205106AE00FFF0F8 /* Build configuration list for PBXNativeTarget "videoplayer" */ = {
			isa = XCConfigurationList;
			buildConfigurations = (
				60E2A928205106AE00FFF0F8 /* Debug */,
				60E2A929205106AE00FFF0F8 /* Release */,
			);
			defaultConfigurationIsVisible = 0;
			defaultConfigurationName = Release;
		};
		60E2A92A205106AE00FFF0F8 /* Build configuration list for PBXNativeTarget "videoplayerTests" */ = {
			isa = XCConfigurationList;
			buildConfigurations = (
				60E2A92B205106AE00FFF0F8 /* Debug */,
				60E2A92C205106AE00FFF0F8 /* Release */,
			);
			defaultConfigurationIsVisible = 0;
			defaultConfigurationName = Release;
		};
		60E2A92D205106AE00FFF0F8 /* Build configuration list for PBXNativeTarget "videoplayerUITests" */ = {
			isa = XCConfigurationList;
			buildConfigurations = (
				60E2A92E205106AE00FFF0F8 /* Debug */,
				60E2A92F205106AE00FFF0F8 /* Release */,
			);
			defaultConfigurationIsVisible = 0;
			defaultConfigurationName = Release;
		};
/* End XCConfigurationList section */
	};
	rootObject = 60E2A8F7205106AC00FFF0F8 /* Project object */;
}
